
Microsoft Visual Studio Solution File, Format Version 12.00
# Visual Studio Version 17
VisualStudioVersion = 17.4.33103.184
MinimumVisualStudioVersion = 10.0.40219.1
Project("{FAE04EC0-301F-11D3-BF4B-00C04F79EFBC}") = "Calc.Android", "Calc\Calc.Android\Calc.Android.csproj", "{388F23C6-C48A-403E-A79E-A33096C281C8}"
EndProject
Project("{FAE04EC0-301F-11D3-BF4B-00C04F79EFBC}") = "Calc.iOS", "Calc\Calc.iOS\Calc.iOS.csproj", "{1AE8D94B-E1A8-4BCA-B8BA-91F7C16F55D5}"
EndProject
Project("{FAE04EC0-301F-11D3-BF4B-00C04F79EFBC}") = "Calc", "Calc\Calc\Calc.csproj", "{48316036-CDF7-4A75-9812-EEF33D337692}"
EndProject
Global
	GlobalSection(SolutionConfigurationPlatforms) = preSolution
		Debug|Any CPU = Debug|Any CPU
		Debug|iPhone = Debug|iPhone
		Debug|iPhoneSimulator = Debug|iPhoneSimulator
		Release|Any CPU = Release|Any CPU
		Release|iPhone = Release|iPhone
		Release|iPhoneSimulator = Release|iPhoneSimulator
	EndGlobalSection
	GlobalSection(ProjectConfigurationPlatforms) = postSolution
		{388F23C6-C48A-403E-A79E-A33096C281C8}.Debug|Any CPU.ActiveCfg = Debug|Any CPU
		{388F23C6-C48A-403E-A79E-A33096C281C8}.Debug|Any CPU.Build.0 = Debug|Any CPU
		{388F23C6-C48A-403E-A79E-A33096C281C8}.Debug|Any CPU.Deploy.0 = Debug|Any CPU
		{388F23C6-C48A-403E-A79E-A33096C281C8}.Debug|iPhone.ActiveCfg = Debug|Any CPU
		{388F23C6-C48A-403E-A79E-A33096C281C8}.Debug|iPhone.Build.0 = Debug|Any CPU
		{388F23C6-C48A-403E-A79E-A33096C281C8}.Debug|iPhone.Deploy.0 = Debug|Any CPU
		{388F23C6-C48A-403E-A79E-A33096C281C8}.Debug|iPhoneSimulator.ActiveCfg = Debug|Any CPU
		{388F23C6-C48A-403E-A79E-A33096C281C8}.Debug|iPhoneSimulator.Build.0 = Debug|Any CPU
		{388F23C6-C48A-403E-A79E-A33096C281C8}.Debug|iPhoneSimulator.Deploy.0 = Debug|Any CPU
		{388F23C6-C48A-403E-A79E-A33096C281C8}.Release|Any CPU.ActiveCfg = Release|Any CPU
		{388F23C6-C48A-403E-A79E-A33096C281C8}.Release|Any CPU.Build.0 = Release|Any CPU
		{388F23C6-C48A-403E-A79E-A33096C281C8}.Release|Any CPU.Deploy.0 = Release|Any CPU
		{388F23C6-C48A-403E-A79E-A33096C281C8}.Release|iPhone.ActiveCfg = Release|Any CPU
		{388F23C6-C48A-403E-A79E-A33096C281C8}.Release|iPhone.Build.0 = Release|Any CPU
		{388F23C6-C48A-403E-A79E-A33096C281C8}.Release|iPhone.Deploy.0 = Release|Any CPU
		{388F23C6-C48A-403E-A79E-A33096C281C8}.Release|iPhoneSimulator.ActiveCfg = Release|Any CPU
		{388F23C6-C48A-403E-A79E-A33096C281C8}.Release|iPhoneSimulator.Build.0 = Release|Any CPU
		{388F23C6-C48A-403E-A79E-A33096C281C8}.Release|iPhoneSimulator.Deploy.0 = Release|Any CPU
		{1AE8D94B-E1A8-4BCA-B8BA-91F7C16F55D5}.Debug|Any CPU.ActiveCfg = Debug|iPhone
		{1AE8D94B-E1A8-4BCA-B8BA-91F7C16F55D5}.Debug|Any CPU.Build.0 = Debug|iPhone
		{1AE8D94B-E1A8-4BCA-B8BA-91F7C16F55D5}.Debug|Any CPU.Deploy.0 = Debug|iPhone
		{1AE8D94B-E1A8-4BCA-B8BA-91F7C16F55D5}.Debug|iPhone.ActiveCfg = Debug|iPhone
		{1AE8D94B-E1A8-4BCA-B8BA-91F7C16F55D5}.Debug|iPhone.Build.0 = Debug|iPhone
		{1AE8D94B-E1A8-4BCA-B8BA-91F7C16F55D5}.Debug|iPhone.Deploy.0 = Debug|iPhone
		{1AE8D94B-E1A8-4BCA-B8BA-91F7C16F55D5}.Debug|iPhoneSimulator.ActiveCfg = Debug|iPhoneSimulator
		{1AE8D94B-E1A8-4BCA-B8BA-91F7C16F55D5}.Debug|iPhoneSimulator.Build.0 = Debug|iPhoneSimulator
		{1AE8D94B-E1A8-4BCA-B8BA-91F7C16F55D5}.Debug|iPhoneSimulator.Deploy.0 = Debug|iPhoneSimulator
		{1AE8D94B-E1A8-4BCA-B8BA-91F7C16F55D5}.Release|Any CPU.ActiveCfg = Release|iPhoneSimulator
		{1AE8D94B-E1A8-4BCA-B8BA-91F7C16F55D5}.Release|Any CPU.Build.0 = Release|iPhoneSimulator
		{1AE8D94B-E1A8-4BCA-B8BA-91F7C16F55D5}.Release|Any CPU.Deploy.0 = Release|iPhoneSimulator
		{1AE8D94B-E1A8-4BCA-B8BA-91F7C16F55D5}.Release|iPhone.ActiveCfg = Release|iPhone
		{1AE8D94B-E1A8-4BCA-B8BA-91F7C16F55D5}.Release|iPhone.Build.0 = Release|iPhone
		{1AE8D94B-E1A8-4BCA-B8BA-91F7C16F55D5}.Release|iPhone.Deploy.0 = Release|iPhone
		{1AE8D94B-E1A8-4BCA-B8BA-91F7C16F55D5}.Release|iPhoneSimulator.ActiveCfg = Release|iPhoneSimulator
		{1AE8D94B-E1A8-4BCA-B8BA-91F7C16F55D5}.Release|iPhoneSimulator.Build.0 = Release|iPhoneSimulator
		{1AE8D94B-E1A8-4BCA-B8BA-91F7C16F55D5}.Release|iPhoneSimulator.Deploy.0 = Release|iPhoneSimulator
		{48316036-CDF7-4A75-9812-EEF33D337692}.Debug|Any CPU.ActiveCfg = Debug|Any CPU
		{48316036-CDF7-4A75-9812-EEF33D337692}.Debug|Any CPU.Build.0 = Debug|Any CPU
		{48316036-CDF7-4A75-9812-EEF33D337692}.Debug|Any CPU.Deploy.0 = Debug|Any CPU
		{48316036-CDF7-4A75-9812-EEF33D337692}.Debug|iPhone.ActiveCfg = Debug|Any CPU
		{48316036-CDF7-4A75-9812-EEF33D337692}.Debug|iPhone.Build.0 = Debug|Any CPU
		{48316036-CDF7-4A75-9812-EEF33D337692}.Debug|iPhone.Deploy.0 = Debug|Any CPU
		{48316036-CDF7-4A75-9812-EEF33D337692}.Debug|iPhoneSimulator.ActiveCfg = Debug|Any CPU
		{48316036-CDF7-4A75-9812-EEF33D337692}.Debug|iPhoneSimulator.Build.0 = Debug|Any CPU
		{48316036-CDF7-4A75-9812-EEF33D337692}.Debug|iPhoneSimulator.Deploy.0 = Debug|Any CPU
		{48316036-CDF7-4A75-9812-EEF33D337692}.Release|Any CPU.ActiveCfg = Release|Any CPU
		{48316036-CDF7-4A75-9812-EEF33D337692}.Release|Any CPU.Build.0 = Release|Any CPU
		{48316036-CDF7-4A75-9812-EEF33D337692}.Release|Any CPU.Deploy.0 = Release|Any CPU
		{48316036-CDF7-4A75-9812-EEF33D337692}.Release|iPhone.ActiveCfg = Release|Any CPU
		{48316036-CDF7-4A75-9812-EEF33D337692}.Release|iPhone.Build.0 = Release|Any CPU
		{48316036-CDF7-4A75-9812-EEF33D337692}.Release|iPhone.Deploy.0 = Release|Any CPU
		{48316036-CDF7-4A75-9812-EEF33D337692}.Release|iPhoneSimulator.ActiveCfg = Release|Any CPU
		{48316036-CDF7-4A75-9812-EEF33D337692}.Release|iPhoneSimulator.Build.0 = Release|Any CPU
		{48316036-CDF7-4A75-9812-EEF33D337692}.Release|iPhoneSimulator.Deploy.0 = Release|Any CPU
	EndGlobalSection
	GlobalSection(SolutionProperties) = preSolution
		HideSolutionNode = FALSE
	EndGlobalSection
	GlobalSection(ExtensibilityGlobals) = postSolution
		SolutionGuid = {C2759A1A-59FE-4F1D-9712-A4BB90C4BD0B}
	EndGlobalSection
EndGlobal
